{
  "name": "srv",
  "lockfileVersion": 2,
  "requires": true,
  "packages": {
    "": {
      "devDependencies": {
        "@types/node": "^15.14.4"
      }
    },
    "node_modules/@types/node": {
      "version": "15.14.4",
      "resolved": "https://registry.npmjs.org/@types/node/-/node-15.14.4.tgz",
      "integrity": "sha512-yblJrsfCxdxYDUa2fM5sP93ZLk5xL3/+3MJei+YtsNbIdY75ePy2AiCfpq+onepzax+8/Yv+OD/fLNleWpCzVg==",
      "dev": true
    }
  },
  "dependencies": {
    "@types/node": {
      "version": "15.14.4",
      "resolved": "https://registry.npmjs.org/@types/node/-/node-15.14.4.tgz",
      "integrity": "sha512-yblJrsfCxdxYDUa2fM5sP93ZLk5xL3/+3MJei+YtsNbIdY75ePy2AiCfpq+onepzax+8/Yv+OD/fLNleWpCzVg==",
      "dev": true
    }
  }
}
